
Microsoft Visual Studio Solution File, Format Version 11.00
# Visual Studio 2010
Project("{FAE04EC0-301F-11D3-BF4B-00C04F79EFBC}") = "ciset", "ciset\ciset.csproj", "{18941510-570D-47F0-9D1D-CE4517C915BB}"
EndProject
Global
	GlobalSection(SolutionConfigurationPlatforms) = preSolution
		Debug|x86 = Debug|x86
		Release|x86 = Release|x86
	EndGlobalSection
	GlobalSection(ProjectConfigurationPlatforms) = postSolution
		{18941510-570D-47F0-9D1D-CE4517C915BB}.Debug|x86.ActiveCfg = Debug|x86
		{18941510-570D-47F0-9D1D-CE4517C915BB}.Debug|x86.Build.0 = Debug|x86
		{18941510-570D-47F0-9D1D-CE4517C915BB}.Release|x86.ActiveCfg = Release|x86
		{18941510-570D-47F0-9D1D-CE4517C915BB}.Release|x86.Build.0 = Release|x86
	EndGlobalSection
	GlobalSection(MonoDevelopProperties) = preSolution
		StartupItem = ciset\ciset.csproj
	EndGlobalSection
EndGlobal
